
Microsoft Visual Studio Solution File, Format Version 12.00
# Visual Studio 15
VisualStudioVersion = 15.0.26430.4
MinimumVisualStudioVersion = 10.0.40219.1
Project("{FAE04EC0-301F-11D3-BF4B-00C04F79EFBC}") = "Neovolve.UnitTest.Logging", "Neovolve.UnitTest.Logging\Neovolve.UnitTest.Logging.csproj", "{2F7C39EF-7EDE-40CA-B475-5C3789718D0D}"
EndProject
Project("{FAE04EC0-301F-11D3-BF4B-00C04F79EFBC}") = "Neovolve.UnitTest.Logging.UnitTests", "Neovolve.UnitTest.Logging.UnitTests\Neovolve.UnitTest.Logging.UnitTests.csproj", "{D2D06F55-B34D-40D8-B8F6-A82C9F0B0E90}"
EndProject
Project("{2150E333-8FDC-42A3-9474-1A3956D46DE8}") = "Solution Items", "Solution Items", "{78B2ADC7-6CDE-4DEA-88E5-CE0C3F5D4FD8}"
	ProjectSection(SolutionItems) = preProject
		GitVersion.yml = GitVersion.yml
	EndProjectSection
EndProject
Global
	GlobalSection(SolutionConfigurationPlatforms) = preSolution
		Debug|Any CPU = Debug|Any CPU
		Release|Any CPU = Release|Any CPU
	EndGlobalSection
	GlobalSection(ProjectConfigurationPlatforms) = postSolution
		{2F7C39EF-7EDE-40CA-B475-5C3789718D0D}.Debug|Any CPU.ActiveCfg = Debug|Any CPU
		{2F7C39EF-7EDE-40CA-B475-5C3789718D0D}.Debug|Any CPU.Build.0 = Debug|Any CPU
		{2F7C39EF-7EDE-40CA-B475-5C3789718D0D}.Release|Any CPU.ActiveCfg = Release|Any CPU
		{2F7C39EF-7EDE-40CA-B475-5C3789718D0D}.Release|Any CPU.Build.0 = Release|Any CPU
		{D2D06F55-B34D-40D8-B8F6-A82C9F0B0E90}.Debug|Any CPU.ActiveCfg = Debug|Any CPU
		{D2D06F55-B34D-40D8-B8F6-A82C9F0B0E90}.Debug|Any CPU.Build.0 = Debug|Any CPU
		{D2D06F55-B34D-40D8-B8F6-A82C9F0B0E90}.Release|Any CPU.ActiveCfg = Release|Any CPU
		{D2D06F55-B34D-40D8-B8F6-A82C9F0B0E90}.Release|Any CPU.Build.0 = Release|Any CPU
	EndGlobalSection
	GlobalSection(SolutionProperties) = preSolution
		HideSolutionNode = FALSE
	EndGlobalSection
EndGlobal
